{
  "nodes": {
    "flake-utils": {
      "locked": {
        "lastModified": 1619345332,
        "narHash": "sha256-qHnQkEp1uklKTpx3MvKtY6xzgcqXDsz5nLilbbuL+3A=",
        "owner": "numtide",
        "repo": "flake-utils",
        "rev": "2ebf2558e5bf978c7fb8ea927dfaed8fefab2e28",
        "type": "github"
      },
      "original": {
        "owner": "numtide",
        "repo": "flake-utils",
        "type": "github"
      }
    },
    "mach-nix": {
      "inputs": {
        "flake-utils": [
          "flake-utils"
        ],
        "nixpkgs": [
          "nixpkgs"
        ],
        "pypi-deps-db": [
          "pypi-deps-db"
        ]
      },
      "locked": {
        "lastModified": 1619614179,
        "narHash": "sha256-cf7RsJwnqiVi6hnDZCTHwGxEfvdI7NcV1vxvxrMCfPM=",
        "owner": "DavHau",
        "repo": "mach-nix",
        "rev": "a7ddac2ce8942421fdb26207b5f69f9fa85de69f",
        "type": "github"
      },
      "original": {
        "owner": "DavHau",
        "repo": "mach-nix",
        "type": "github"
      }
    },
    "nixpkgs": {
      "locked": {
        "lastModified": 1620334569,
        "narHash": "sha256-25rdSKLZgyAmwgQITRJU0EFxMWESuaU12CeQvjk6JHc=",
        "owner": "NixOS",
        "repo": "nixpkgs",
        "rev": "5837b993c20aaa7d28c30575398499ac539f9dce",
        "type": "github"
      },
      "original": {
        "owner": "NixOS",
        "repo": "nixpkgs",
        "type": "github"
      }
    },
    "pypi-deps-db": {
      "flake": false,
      "locked": {
        "lastModified": 1620333679,
        "narHash": "sha256-nYbu35CQAOjRfk6QaOTTZm866whyaaIJUer96rAExpg=",
        "owner": "DavHau",
        "repo": "pypi-deps-db",
        "rev": "dcc28099020288fd7cfc0c8be357f07dbc10c66e",
        "type": "github"
      },
      "original": {
        "owner": "DavHau",
        "repo": "pypi-deps-db",
        "type": "github"
      }
    },
    "root": {
      "inputs": {
        "flake-utils": "flake-utils",
        "mach-nix": "mach-nix",
        "nixpkgs": "nixpkgs",
        "pypi-deps-db": "pypi-deps-db"
      }
    }
  },
  "root": "root",
  "version": 7
}
